
Microsoft Visual Studio Solution File, Format Version 12.00
# Visual Studio 15
VisualStudioVersion = 15.0.25618.0
MinimumVisualStudioVersion = 10.0.40219.1
Project("{FAE04EC0-301F-11D3-BF4B-00C04F79EFBC}") = "Declaring_and_Invoking_Methods", "I. Declaring and Invoking Methods\Declaring_and_Invoking_Methods.csproj", "{9BF1DAC2-9B6E-4DD3-8FF0-5525B6806BE5}"
EndProject
Project("{FAE04EC0-301F-11D3-BF4B-00C04F79EFBC}") = "Sign_of_Integer_Number", "Sign_of_Integer_Number\Sign_of_Integer_Number.csproj", "{2083C090-48B9-46E8-96CE-75E034650EF1}"
EndProject
Project("{FAE04EC0-301F-11D3-BF4B-00C04F79EFBC}") = "Printing_Triangle", "Printing_Triangle\Printing_Triangle.csproj", "{6CE46483-F817-4217-8319-B72C62D00457}"
EndProject
Project("{FAE04EC0-301F-11D3-BF4B-00C04F79EFBC}") = "Draw_a_Filled_Square", "Draw_a_Filled_Square\Draw_a_Filled_Square.csproj", "{B0631A87-566C-423F-8E26-A944E60E13F2}"
EndProject
Project("{FAE04EC0-301F-11D3-BF4B-00C04F79EFBC}") = "Calculate_Triangle_Area", "Calculate_Triangle_Area\Calculate_Triangle_Area.csproj", "{FB8E9739-82BB-4CD1-BD55-BB6DBF07F3B1}"
EndProject
Project("{FAE04EC0-301F-11D3-BF4B-00C04F79EFBC}") = "Math_Power", "Math_Power\Math_Power.csproj", "{43B20837-EAD8-4990-B900-15E2EF42444C}"
EndProject
Project("{FAE04EC0-301F-11D3-BF4B-00C04F79EFBC}") = "Greater_of_Two_Values", "Greater_of_Two_Values\Greater_of_Two_Values.csproj", "{6D5D08E0-9139-4673-BD49-495D9EC0B4DE}"
EndProject
Project("{FAE04EC0-301F-11D3-BF4B-00C04F79EFBC}") = "Multiply_Evens_by_Odds", "Multiply_Evens_by_Odds\Multiply_Evens_by_Odds.csproj", "{52D9BA65-FEE0-48E9-AA8E-7C8F5F4B411A}"
EndProject
Project("{FAE04EC0-301F-11D3-BF4B-00C04F79EFBC}") = "HolidaysBetweenTwoDates", "HolidaysBetweenTwoDates\HolidaysBetweenTwoDates.csproj", "{2B824413-6366-46F6-9C7E-7C2C117458F9}"
EndProject
Project("{FAE04EC0-301F-11D3-BF4B-00C04F79EFBC}") = "Price_Change_Alert", "Price_Change_Alert\Price_Change_Alert.csproj", "{DFD1FD87-616A-4BFD-B84E-BBF7DB086282}"
EndProject
Global
	GlobalSection(SolutionConfigurationPlatforms) = preSolution
		Debug|Any CPU = Debug|Any CPU
		Release|Any CPU = Release|Any CPU
	EndGlobalSection
	GlobalSection(ProjectConfigurationPlatforms) = postSolution
		{9BF1DAC2-9B6E-4DD3-8FF0-5525B6806BE5}.Debug|Any CPU.ActiveCfg = Debug|Any CPU
		{9BF1DAC2-9B6E-4DD3-8FF0-5525B6806BE5}.Debug|Any CPU.Build.0 = Debug|Any CPU
		{9BF1DAC2-9B6E-4DD3-8FF0-5525B6806BE5}.Release|Any CPU.ActiveCfg = Release|Any CPU
		{9BF1DAC2-9B6E-4DD3-8FF0-5525B6806BE5}.Release|Any CPU.Build.0 = Release|Any CPU
		{2083C090-48B9-46E8-96CE-75E034650EF1}.Debug|Any CPU.ActiveCfg = Debug|Any CPU
		{2083C090-48B9-46E8-96CE-75E034650EF1}.Debug|Any CPU.Build.0 = Debug|Any CPU
		{2083C090-48B9-46E8-96CE-75E034650EF1}.Release|Any CPU.ActiveCfg = Release|Any CPU
		{2083C090-48B9-46E8-96CE-75E034650EF1}.Release|Any CPU.Build.0 = Release|Any CPU
		{6CE46483-F817-4217-8319-B72C62D00457}.Debug|Any CPU.ActiveCfg = Debug|Any CPU
		{6CE46483-F817-4217-8319-B72C62D00457}.Debug|Any CPU.Build.0 = Debug|Any CPU
		{6CE46483-F817-4217-8319-B72C62D00457}.Release|Any CPU.ActiveCfg = Release|Any CPU
		{6CE46483-F817-4217-8319-B72C62D00457}.Release|Any CPU.Build.0 = Release|Any CPU
		{B0631A87-566C-423F-8E26-A944E60E13F2}.Debug|Any CPU.ActiveCfg = Debug|Any CPU
		{B0631A87-566C-423F-8E26-A944E60E13F2}.Debug|Any CPU.Build.0 = Debug|Any CPU
		{B0631A87-566C-423F-8E26-A944E60E13F2}.Release|Any CPU.ActiveCfg = Release|Any CPU
		{B0631A87-566C-423F-8E26-A944E60E13F2}.Release|Any CPU.Build.0 = Release|Any CPU
		{FB8E9739-82BB-4CD1-BD55-BB6DBF07F3B1}.Debug|Any CPU.ActiveCfg = Debug|Any CPU
		{FB8E9739-82BB-4CD1-BD55-BB6DBF07F3B1}.Debug|Any CPU.Build.0 = Debug|Any CPU
		{FB8E9739-82BB-4CD1-BD55-BB6DBF07F3B1}.Release|Any CPU.ActiveCfg = Release|Any CPU
		{FB8E9739-82BB-4CD1-BD55-BB6DBF07F3B1}.Release|Any CPU.Build.0 = Release|Any CPU
		{43B20837-EAD8-4990-B900-15E2EF42444C}.Debug|Any CPU.ActiveCfg = Debug|Any CPU
		{43B20837-EAD8-4990-B900-15E2EF42444C}.Debug|Any CPU.Build.0 = Debug|Any CPU
		{43B20837-EAD8-4990-B900-15E2EF42444C}.Release|Any CPU.ActiveCfg = Release|Any CPU
		{43B20837-EAD8-4990-B900-15E2EF42444C}.Release|Any CPU.Build.0 = Release|Any CPU
		{6D5D08E0-9139-4673-BD49-495D9EC0B4DE}.Debug|Any CPU.ActiveCfg = Debug|Any CPU
		{6D5D08E0-9139-4673-BD49-495D9EC0B4DE}.Debug|Any CPU.Build.0 = Debug|Any CPU
		{6D5D08E0-9139-4673-BD49-495D9EC0B4DE}.Release|Any CPU.ActiveCfg = Release|Any CPU
		{6D5D08E0-9139-4673-BD49-495D9EC0B4DE}.Release|Any CPU.Build.0 = Release|Any CPU
		{52D9BA65-FEE0-48E9-AA8E-7C8F5F4B411A}.Debug|Any CPU.ActiveCfg = Debug|Any CPU
		{52D9BA65-FEE0-48E9-AA8E-7C8F5F4B411A}.Debug|Any CPU.Build.0 = Debug|Any CPU
		{52D9BA65-FEE0-48E9-AA8E-7C8F5F4B411A}.Release|Any CPU.ActiveCfg = Release|Any CPU
		{52D9BA65-FEE0-48E9-AA8E-7C8F5F4B411A}.Release|Any CPU.Build.0 = Release|Any CPU
		{2B824413-6366-46F6-9C7E-7C2C117458F9}.Debug|Any CPU.ActiveCfg = Debug|Any CPU
		{2B824413-6366-46F6-9C7E-7C2C117458F9}.Debug|Any CPU.Build.0 = Debug|Any CPU
		{2B824413-6366-46F6-9C7E-7C2C117458F9}.Release|Any CPU.ActiveCfg = Release|Any CPU
		{2B824413-6366-46F6-9C7E-7C2C117458F9}.Release|Any CPU.Build.0 = Release|Any CPU
		{DFD1FD87-616A-4BFD-B84E-BBF7DB086282}.Debug|Any CPU.ActiveCfg = Debug|Any CPU
		{DFD1FD87-616A-4BFD-B84E-BBF7DB086282}.Debug|Any CPU.Build.0 = Debug|Any CPU
		{DFD1FD87-616A-4BFD-B84E-BBF7DB086282}.Release|Any CPU.ActiveCfg = Release|Any CPU
		{DFD1FD87-616A-4BFD-B84E-BBF7DB086282}.Release|Any CPU.Build.0 = Release|Any CPU
	EndGlobalSection
	GlobalSection(SolutionProperties) = preSolution
		HideSolutionNode = FALSE
	EndGlobalSection
EndGlobal
